
Microsoft Visual Studio Solution File, Format Version 12.00
# Visual Studio Version 17
VisualStudioVersion = 17.3.32901.215
MinimumVisualStudioVersion = 10.0.40219.1
Project("{FAE04EC0-301F-11D3-BF4B-00C04F79EFBC}") = "ExampleList", "ExampleList\ExampleList.csproj", "{DFF77AF3-B9E9-4CD2-875D-2F69BCA80876}"
EndProject
Global
	GlobalSection(SolutionConfigurationPlatforms) = preSolution
		Debug|Any CPU = Debug|Any CPU
		Release|Any CPU = Release|Any CPU
	EndGlobalSection
	GlobalSection(ProjectConfigurationPlatforms) = postSolution
		{DFF77AF3-B9E9-4CD2-875D-2F69BCA80876}.Debug|Any CPU.ActiveCfg = Debug|Any CPU
		{DFF77AF3-B9E9-4CD2-875D-2F69BCA80876}.Debug|Any CPU.Build.0 = Debug|Any CPU
		{DFF77AF3-B9E9-4CD2-875D-2F69BCA80876}.Release|Any CPU.ActiveCfg = Release|Any CPU
		{DFF77AF3-B9E9-4CD2-875D-2F69BCA80876}.Release|Any CPU.Build.0 = Release|Any CPU
	EndGlobalSection
	GlobalSection(SolutionProperties) = preSolution
		HideSolutionNode = FALSE
	EndGlobalSection
	GlobalSection(ExtensibilityGlobals) = postSolution
		SolutionGuid = {98FFB3A5-C210-436B-9ADA-801AFA740919}
	EndGlobalSection
EndGlobal
