
Microsoft Visual Studio Solution File, Format Version 12.00
# Visual Studio Version 17
VisualStudioVersion = 17.3.32901.215
MinimumVisualStudioVersion = 10.0.40219.1
Project("{FAE04EC0-301F-11D3-BF4B-00C04F79EFBC}") = "ExampleSortedList", "ExampleSortedList\ExampleSortedList.csproj", "{7AB638A6-3282-45E8-978A-BC2EF23E874A}"
EndProject
Global
	GlobalSection(SolutionConfigurationPlatforms) = preSolution
		Debug|Any CPU = Debug|Any CPU
		Release|Any CPU = Release|Any CPU
	EndGlobalSection
	GlobalSection(ProjectConfigurationPlatforms) = postSolution
		{7AB638A6-3282-45E8-978A-BC2EF23E874A}.Debug|Any CPU.ActiveCfg = Debug|Any CPU
		{7AB638A6-3282-45E8-978A-BC2EF23E874A}.Debug|Any CPU.Build.0 = Debug|Any CPU
		{7AB638A6-3282-45E8-978A-BC2EF23E874A}.Release|Any CPU.ActiveCfg = Release|Any CPU
		{7AB638A6-3282-45E8-978A-BC2EF23E874A}.Release|Any CPU.Build.0 = Release|Any CPU
	EndGlobalSection
	GlobalSection(SolutionProperties) = preSolution
		HideSolutionNode = FALSE
	EndGlobalSection
	GlobalSection(ExtensibilityGlobals) = postSolution
		SolutionGuid = {69BC9AA0-B78F-4B8E-B9C3-F2DF677C5286}
	EndGlobalSection
EndGlobal
