
Microsoft Visual Studio Solution File, Format Version 12.00
# Visual Studio Version 17
VisualStudioVersion = 17.3.32901.215
MinimumVisualStudioVersion = 10.0.40219.1
Project("{FAE04EC0-301F-11D3-BF4B-00C04F79EFBC}") = "TimeInWords", "TimeInWords\TimeInWords.csproj", "{F41975EA-C230-4D2F-90BF-EAEF57C44A4D}"
EndProject
Global
	GlobalSection(SolutionConfigurationPlatforms) = preSolution
		Debug|Any CPU = Debug|Any CPU
		Release|Any CPU = Release|Any CPU
	EndGlobalSection
	GlobalSection(ProjectConfigurationPlatforms) = postSolution
		{F41975EA-C230-4D2F-90BF-EAEF57C44A4D}.Debug|Any CPU.ActiveCfg = Debug|Any CPU
		{F41975EA-C230-4D2F-90BF-EAEF57C44A4D}.Debug|Any CPU.Build.0 = Debug|Any CPU
		{F41975EA-C230-4D2F-90BF-EAEF57C44A4D}.Release|Any CPU.ActiveCfg = Release|Any CPU
		{F41975EA-C230-4D2F-90BF-EAEF57C44A4D}.Release|Any CPU.Build.0 = Release|Any CPU
	EndGlobalSection
	GlobalSection(SolutionProperties) = preSolution
		HideSolutionNode = FALSE
	EndGlobalSection
	GlobalSection(ExtensibilityGlobals) = postSolution
		SolutionGuid = {B7B0B23B-FC7F-4A08-8B02-09163123855B}
	EndGlobalSection
EndGlobal
