
Microsoft Visual Studio Solution File, Format Version 12.00
# Visual Studio Version 17
VisualStudioVersion = 17.3.32901.215
MinimumVisualStudioVersion = 10.0.40219.1
Project("{FAE04EC0-301F-11D3-BF4B-00C04F79EFBC}") = "TestStick", "TestStick\TestStick.csproj", "{A5DE5BC2-68D0-4B1E-BD4F-808487BE7867}"
EndProject
Global
	GlobalSection(SolutionConfigurationPlatforms) = preSolution
		Debug|Any CPU = Debug|Any CPU
		Release|Any CPU = Release|Any CPU
	EndGlobalSection
	GlobalSection(ProjectConfigurationPlatforms) = postSolution
		{A5DE5BC2-68D0-4B1E-BD4F-808487BE7867}.Debug|Any CPU.ActiveCfg = Debug|Any CPU
		{A5DE5BC2-68D0-4B1E-BD4F-808487BE7867}.Debug|Any CPU.Build.0 = Debug|Any CPU
		{A5DE5BC2-68D0-4B1E-BD4F-808487BE7867}.Release|Any CPU.ActiveCfg = Release|Any CPU
		{A5DE5BC2-68D0-4B1E-BD4F-808487BE7867}.Release|Any CPU.Build.0 = Release|Any CPU
	EndGlobalSection
	GlobalSection(SolutionProperties) = preSolution
		HideSolutionNode = FALSE
	EndGlobalSection
	GlobalSection(ExtensibilityGlobals) = postSolution
		SolutionGuid = {8FA6946E-4153-467B-88C8-ABBAC6D1C5E7}
	EndGlobalSection
EndGlobal
