
Microsoft Visual Studio Solution File, Format Version 12.00
# Visual Studio Version 17
VisualStudioVersion = 17.3.32901.215
MinimumVisualStudioVersion = 10.0.40219.1
Project("{FAE04EC0-301F-11D3-BF4B-00C04F79EFBC}") = "StudentDetails", "Assignment new\StudentDetails.csproj", "{55B652ED-DFA2-4B7F-AA4F-472A020D4E1B}"
EndProject
Global
	GlobalSection(SolutionConfigurationPlatforms) = preSolution
		Debug|Any CPU = Debug|Any CPU
		Release|Any CPU = Release|Any CPU
	EndGlobalSection
	GlobalSection(ProjectConfigurationPlatforms) = postSolution
		{55B652ED-DFA2-4B7F-AA4F-472A020D4E1B}.Debug|Any CPU.ActiveCfg = Debug|Any CPU
		{55B652ED-DFA2-4B7F-AA4F-472A020D4E1B}.Debug|Any CPU.Build.0 = Debug|Any CPU
		{55B652ED-DFA2-4B7F-AA4F-472A020D4E1B}.Release|Any CPU.ActiveCfg = Release|Any CPU
		{55B652ED-DFA2-4B7F-AA4F-472A020D4E1B}.Release|Any CPU.Build.0 = Release|Any CPU
	EndGlobalSection
	GlobalSection(SolutionProperties) = preSolution
		HideSolutionNode = FALSE
	EndGlobalSection
	GlobalSection(ExtensibilityGlobals) = postSolution
		SolutionGuid = {8613CC9F-ED1E-4DCB-A196-A8FAF0E097C6}
	EndGlobalSection
EndGlobal
